{
  "name": "purescript-url-regex-safe",
  "lockfileVersion": 3,
  "requires": true,
  "packages": {
    "": {
      "devDependencies": {
        "url-regex-safe": "^4.0.0"
      }
    },
    "node_modules/ip-regex": {
      "version": "4.3.0",
      "resolved": "https://registry.npmjs.org/ip-regex/-/ip-regex-4.3.0.tgz",
      "integrity": "sha512-B9ZWJxHHOHUhUjCPrMpLD4xEq35bUTClHM1S6CBU5ixQnkZmwipwgc96vAd7AAGM9TGHvJR+Uss+/Ak6UphK+Q==",
      "license": "MIT",
      "engines": {
        "node": ">=8"
      }
    },
    "node_modules/tlds": {
      "version": "1.256.0",
      "resolved": "https://registry.npmjs.org/tlds/-/tlds-1.256.0.tgz",
      "integrity": "sha512-ZmyVB9DAw+FFTmLElGYJgdZFsKLYd/I59Bg9NHkCGPwAbVZNRilFWDMAdX8UG+bHuv7kfursd5XGqo/9wi26lA==",
      "license": "MIT",
      "bin": {
        "tlds": "bin.js"
      }
    },
    "node_modules/url-regex-safe": {
      "version": "4.0.0",
      "resolved": "https://registry.npmjs.org/url-regex-safe/-/url-regex-safe-4.0.0.tgz",
      "integrity": "sha512-BrnFCWKNFrFnRzKD66NtJqQepfJrUHNPvPxE5y5NSAhXBb4OlobQjt7907Jm4ItPiXaeX+dDWMkcnOd4jR9N8A==",
      "license": "MIT",
      "dependencies": {
        "ip-regex": "4.3.0",
        "tlds": "^1.242.0"
      },
      "engines": {
        "node": ">= 14"
      },
      "peerDependencies": {
        "re2": "^1.20.1"
      },
      "peerDependenciesMeta": {
        "re2": {
          "optional": true
        }
      }
    }
  }
}
